
Microsoft Visual Studio Solution File, Format Version 12.00
# Visual Studio Version 16
VisualStudioVersion = 16.0.31613.86
MinimumVisualStudioVersion = 10.0.40219.1
Project("{FAE04EC0-301F-11D3-BF4B-00C04F79EFBC}") = "NewForm", "NewForm\NewForm.csproj", "{298746DA-A9A7-4E7F-BBD4-69DCEC92E337}"
EndProject
Global
	GlobalSection(SolutionConfigurationPlatforms) = preSolution
		Debug|Any CPU = Debug|Any CPU
		Release|Any CPU = Release|Any CPU
	EndGlobalSection
	GlobalSection(ProjectConfigurationPlatforms) = postSolution
		{298746DA-A9A7-4E7F-BBD4-69DCEC92E337}.Debug|Any CPU.ActiveCfg = Debug|Any CPU
		{298746DA-A9A7-4E7F-BBD4-69DCEC92E337}.Debug|Any CPU.Build.0 = Debug|Any CPU
		{298746DA-A9A7-4E7F-BBD4-69DCEC92E337}.Release|Any CPU.ActiveCfg = Release|Any CPU
		{298746DA-A9A7-4E7F-BBD4-69DCEC92E337}.Release|Any CPU.Build.0 = Release|Any CPU
	EndGlobalSection
	GlobalSection(SolutionProperties) = preSolution
		HideSolutionNode = FALSE
	EndGlobalSection
	GlobalSection(ExtensibilityGlobals) = postSolution
		SolutionGuid = {D64A43ED-78EB-490C-9B97-DDA8DBFCE7AA}
	EndGlobalSection
EndGlobal
