
Microsoft Visual Studio Solution File, Format Version 12.00
# Visual Studio Version 17
VisualStudioVersion = 17.11.35222.181
MinimumVisualStudioVersion = 10.0.40219.1
Project("{FAE04EC0-301F-11D3-BF4B-00C04F79EFBC}") = "KaszinoProjekt", "KaszinoProjekt\KaszinoProjekt.csproj", "{29323C41-7E54-4938-AC1A-C2D613326268}"
EndProject
Global
	GlobalSection(SolutionConfigurationPlatforms) = preSolution
		Debug|Any CPU = Debug|Any CPU
		Release|Any CPU = Release|Any CPU
	EndGlobalSection
	GlobalSection(ProjectConfigurationPlatforms) = postSolution
		{29323C41-7E54-4938-AC1A-C2D613326268}.Debug|Any CPU.ActiveCfg = Debug|Any CPU
		{29323C41-7E54-4938-AC1A-C2D613326268}.Debug|Any CPU.Build.0 = Debug|Any CPU
		{29323C41-7E54-4938-AC1A-C2D613326268}.Release|Any CPU.ActiveCfg = Release|Any CPU
		{29323C41-7E54-4938-AC1A-C2D613326268}.Release|Any CPU.Build.0 = Release|Any CPU
	EndGlobalSection
	GlobalSection(SolutionProperties) = preSolution
		HideSolutionNode = FALSE
	EndGlobalSection
	GlobalSection(ExtensibilityGlobals) = postSolution
		SolutionGuid = {D8DA3E00-E9CC-4B29-A027-DF8AD8815660}
	EndGlobalSection
EndGlobal
