
Microsoft Visual Studio Solution File, Format Version 12.00
# Visual Studio Version 17
VisualStudioVersion = 17.10.35122.118
MinimumVisualStudioVersion = 10.0.40219.1
Project("{FAE04EC0-301F-11D3-BF4B-00C04F79EFBC}") = "2025_01_28 DatagridView", "2025_01_28 DatagridView\2025_01_28 DatagridView.csproj", "{D01483FE-4455-4348-A4A2-391680E79058}"
EndProject
Global
	GlobalSection(SolutionConfigurationPlatforms) = preSolution
		Debug|Any CPU = Debug|Any CPU
		Release|Any CPU = Release|Any CPU
	EndGlobalSection
	GlobalSection(ProjectConfigurationPlatforms) = postSolution
		{D01483FE-4455-4348-A4A2-391680E79058}.Debug|Any CPU.ActiveCfg = Debug|Any CPU
		{D01483FE-4455-4348-A4A2-391680E79058}.Debug|Any CPU.Build.0 = Debug|Any CPU
		{D01483FE-4455-4348-A4A2-391680E79058}.Release|Any CPU.ActiveCfg = Release|Any CPU
		{D01483FE-4455-4348-A4A2-391680E79058}.Release|Any CPU.Build.0 = Release|Any CPU
	EndGlobalSection
	GlobalSection(SolutionProperties) = preSolution
		HideSolutionNode = FALSE
	EndGlobalSection
	GlobalSection(ExtensibilityGlobals) = postSolution
		SolutionGuid = {54C987F6-2CB9-4039-A3F9-16E259F0D148}
	EndGlobalSection
EndGlobal
