
Microsoft Visual Studio Solution File, Format Version 12.00
# Visual Studio Version 17
VisualStudioVersion = 17.11.35222.181
MinimumVisualStudioVersion = 10.0.40219.1
Project("{FAE04EC0-301F-11D3-BF4B-00C04F79EFBC}") = "Forma-1 GUI", "Forma-1 GUI\Forma-1 GUI.csproj", "{39DA75F0-55A4-4C0F-B4ED-258E1215BF39}"
EndProject
Project("{FAE04EC0-301F-11D3-BF4B-00C04F79EFBC}") = "Formula-1 Projekt", "..\Formula-1 Projekt\Formula-1 Projekt\Formula-1 Projekt.csproj", "{0BC11AC3-7A9D-455B-B993-58AC43C81C72}"
EndProject
Global
	GlobalSection(SolutionConfigurationPlatforms) = preSolution
		Debug|Any CPU = Debug|Any CPU
		Release|Any CPU = Release|Any CPU
	EndGlobalSection
	GlobalSection(ProjectConfigurationPlatforms) = postSolution
		{39DA75F0-55A4-4C0F-B4ED-258E1215BF39}.Debug|Any CPU.ActiveCfg = Debug|Any CPU
		{39DA75F0-55A4-4C0F-B4ED-258E1215BF39}.Debug|Any CPU.Build.0 = Debug|Any CPU
		{39DA75F0-55A4-4C0F-B4ED-258E1215BF39}.Release|Any CPU.ActiveCfg = Release|Any CPU
		{39DA75F0-55A4-4C0F-B4ED-258E1215BF39}.Release|Any CPU.Build.0 = Release|Any CPU
		{0BC11AC3-7A9D-455B-B993-58AC43C81C72}.Debug|Any CPU.ActiveCfg = Debug|Any CPU
		{0BC11AC3-7A9D-455B-B993-58AC43C81C72}.Debug|Any CPU.Build.0 = Debug|Any CPU
		{0BC11AC3-7A9D-455B-B993-58AC43C81C72}.Release|Any CPU.ActiveCfg = Release|Any CPU
		{0BC11AC3-7A9D-455B-B993-58AC43C81C72}.Release|Any CPU.Build.0 = Release|Any CPU
	EndGlobalSection
	GlobalSection(SolutionProperties) = preSolution
		HideSolutionNode = FALSE
	EndGlobalSection
	GlobalSection(ExtensibilityGlobals) = postSolution
		SolutionGuid = {42351F68-04B8-4A73-961B-62DEEA3B1AF4}
	EndGlobalSection
EndGlobal
