
Microsoft Visual Studio Solution File, Format Version 12.00
# Visual Studio Version 16
VisualStudioVersion = 16.0.31613.86
MinimumVisualStudioVersion = 10.0.40219.1
Project("{FAE04EC0-301F-11D3-BF4B-00C04F79EFBC}") = "Rejtveny", "Rejtveny\Rejtveny.csproj", "{6F632A93-A067-4BDA-A24F-5E651DD9BC46}"
EndProject
Global
	GlobalSection(SolutionConfigurationPlatforms) = preSolution
		Debug|Any CPU = Debug|Any CPU
		Release|Any CPU = Release|Any CPU
	EndGlobalSection
	GlobalSection(ProjectConfigurationPlatforms) = postSolution
		{6F632A93-A067-4BDA-A24F-5E651DD9BC46}.Debug|Any CPU.ActiveCfg = Debug|Any CPU
		{6F632A93-A067-4BDA-A24F-5E651DD9BC46}.Debug|Any CPU.Build.0 = Debug|Any CPU
		{6F632A93-A067-4BDA-A24F-5E651DD9BC46}.Release|Any CPU.ActiveCfg = Release|Any CPU
		{6F632A93-A067-4BDA-A24F-5E651DD9BC46}.Release|Any CPU.Build.0 = Release|Any CPU
	EndGlobalSection
	GlobalSection(SolutionProperties) = preSolution
		HideSolutionNode = FALSE
	EndGlobalSection
	GlobalSection(ExtensibilityGlobals) = postSolution
		SolutionGuid = {4D07FFFF-2928-49BF-89D7-6145ABFCADEE}
	EndGlobalSection
EndGlobal
