
Microsoft Visual Studio Solution File, Format Version 12.00
# Visual Studio Version 16
VisualStudioVersion = 16.0.31613.86
MinimumVisualStudioVersion = 10.0.40219.1
Project("{FAE04EC0-301F-11D3-BF4B-00C04F79EFBC}") = "Pizza Rendeles", "Pizza Rendeles\Pizza Rendeles.csproj", "{582B8EC6-32B4-4365-9F09-08DA6C6BF9CD}"
EndProject
Global
	GlobalSection(SolutionConfigurationPlatforms) = preSolution
		Debug|Any CPU = Debug|Any CPU
		Release|Any CPU = Release|Any CPU
	EndGlobalSection
	GlobalSection(ProjectConfigurationPlatforms) = postSolution
		{582B8EC6-32B4-4365-9F09-08DA6C6BF9CD}.Debug|Any CPU.ActiveCfg = Debug|Any CPU
		{582B8EC6-32B4-4365-9F09-08DA6C6BF9CD}.Debug|Any CPU.Build.0 = Debug|Any CPU
		{582B8EC6-32B4-4365-9F09-08DA6C6BF9CD}.Release|Any CPU.ActiveCfg = Release|Any CPU
		{582B8EC6-32B4-4365-9F09-08DA6C6BF9CD}.Release|Any CPU.Build.0 = Release|Any CPU
	EndGlobalSection
	GlobalSection(SolutionProperties) = preSolution
		HideSolutionNode = FALSE
	EndGlobalSection
	GlobalSection(ExtensibilityGlobals) = postSolution
		SolutionGuid = {A9FA376F-2D0F-4D42-A917-64315C2B2B03}
	EndGlobalSection
EndGlobal
